
Microsoft Visual Studio Solution File, Format Version 12.00
# Visual Studio Version 16
VisualStudioVersion = 16.0.30413.136
MinimumVisualStudioVersion = 10.0.40219.1
Project("{FAE04EC0-301F-11D3-BF4B-00C04F79EFBC}") = "BlazorTerraform", "BlazorTerraform\BlazorTerraform.csproj", "{626D5B9B-D042-41F2-A40A-55077FA1B8AE}"
EndProject
Global
	GlobalSection(SolutionConfigurationPlatforms) = preSolution
		Debug|Any CPU = Debug|Any CPU
		Release|Any CPU = Release|Any CPU
	EndGlobalSection
	GlobalSection(ProjectConfigurationPlatforms) = postSolution
		{626D5B9B-D042-41F2-A40A-55077FA1B8AE}.Debug|Any CPU.ActiveCfg = Debug|Any CPU
		{626D5B9B-D042-41F2-A40A-55077FA1B8AE}.Debug|Any CPU.Build.0 = Debug|Any CPU
		{626D5B9B-D042-41F2-A40A-55077FA1B8AE}.Release|Any CPU.ActiveCfg = Release|Any CPU
		{626D5B9B-D042-41F2-A40A-55077FA1B8AE}.Release|Any CPU.Build.0 = Release|Any CPU
	EndGlobalSection
	GlobalSection(SolutionProperties) = preSolution
		HideSolutionNode = FALSE
	EndGlobalSection
	GlobalSection(ExtensibilityGlobals) = postSolution
		SolutionGuid = {90297C35-EAFA-4963-8FE6-37CD22AB8202}
	EndGlobalSection
EndGlobal
